# Generated by pub
# See https://www.dartlang.org/tools/pub/glossary#lockfile
packages:
  browser:
    dependency: transitive
    description: browser
    source: hosted
    version: "0.9.1"
  collection:
    dependency: transitive
    description: collection
    source: hosted
    version: "0.9.1"
  crypto:
    dependency: "direct main"
    description: crypto
    source: hosted
    version: "0.9.0"
  http:
    dependency: "direct main"
    description: http
    source: hosted
    version: "0.9.2+3"
  http_server:
    dependency: "direct main"
    description: http_server
    source: hosted
    version: "0.9.1"
  logging:
    dependency: transitive
    description: logging
    source: hosted
    version: "0.9.1+1"
  mime:
    dependency: transitive
    description: mime
    source: hosted
    version: "0.9.0"
  path:
    dependency: "direct main"
    description: path
    source: hosted
    version: "1.1.0"
  route:
    dependency: "direct main"
    description: route
    source: hosted
    version: "0.4.6"
  stack_trace:
    dependency: transitive
    description: stack_trace
    source: hosted
    version: "0.9.3"
sdks:
  dart: ">=1.1.0 <=2.0.0-dev.55.0"
